[[package]]
category = "main"
description = "Python GUIs for Humans. Launched in 2018. It's 2021 & PySimpleGUI is an ACTIVE & supported project. Super-simple to create custom GUI's. 300 Demo programs & Cookbook for rapid start. Extensive documentation. Main docs at www.PySimpleGUI.org. Fun & your success are the focus. Examples using Machine Learning (GUI, OpenCV Integration), Rainmeter Style Desktop Widgets, Matplotlib + Pyplot, PIL support, add GUI to command line scripts, PDF & Image Viewers. Great for beginners & advanced GUI programmers"
name = "pysimplegui"
optional = false
python-versions = "*"
version = "4.43.0"

[metadata]
content-hash = "579f0175d22a5cf8c8a3ae10fd533118cedd8677075d676e959e10256fdbf52b"
python-versions = "^3.8"

[metadata.files]
pysimplegui = [
    {file = "PySimpleGUI-4.43.0-py3-none-any.whl", hash = "sha256:7edf6d4211dadf728bc2b2b4e381386c2d7e07bc519962d2bd322dc4e2892261"},
    {file = "PySimpleGUI-4.43.0.tar.gz", hash = "sha256:eecce0e88d42798d2aa6839c9d4266070b772182bc33908a67500e3789cd42ed"},
]
